
Microsoft Visual Studio Solution File, Format Version 12.00
# Visual Studio Version 17
VisualStudioVersion = 17.5.33516.290
MinimumVisualStudioVersion = 10.0.40219.1
Project("{9A19103F-16F7-4668-BE54-9A1E7A4F7556}") = "Domain", "Domain\Domain.csproj", "{B21534E2-22FB-4118-BBE0-592FD12E648C}"
EndProject
Project("{2150E333-8FDC-42A3-9474-1A3956D46DE8}") = "src", "src", "{861F4C1E-85F3-44A0-8EFF-87A8656F4264}"
EndProject
Project("{9A19103F-16F7-4668-BE54-9A1E7A4F7556}") = "Application", "Application\Application.csproj", "{DDAC48E2-CBA5-490A-9B81-EA23A2C47024}"
EndProject
Project("{9A19103F-16F7-4668-BE54-9A1E7A4F7556}") = "Infrastructure", "Infrastructure\Infrastructure.csproj", "{8E0339F6-B677-4AC3-82D1-F7FB888E6E30}"
EndProject
Project("{9A19103F-16F7-4668-BE54-9A1E7A4F7556}") = "API", "API\API.csproj", "{183FA34F-3245-4A8B-86D5-1A8577AE20A4}"
EndProject
Project("{2150E333-8FDC-42A3-9474-1A3956D46DE8}") = "tests", "tests", "{7159998F-9C6B-4F9D-BDFD-6180C26500BE}"
EndProject
Project("{FAE04EC0-301F-11D3-BF4B-00C04F79EFBC}") = "Application.Tests", "Application.Tests\Application.Tests.csproj", "{E939A944-FC74-4368-9F24-1714D91ED296}"
EndProject
Project("{FAE04EC0-301F-11D3-BF4B-00C04F79EFBC}") = "Domain.Tests", "Domain.Tests\Domain.Tests.csproj", "{684B1459-5327-4680-8950-F00214D28F63}"
EndProject
Project("{FAE04EC0-301F-11D3-BF4B-00C04F79EFBC}") = "Infrastructure.Tests", "Infrastructure.Tests\Infrastructure.Tests.csproj", "{B25B2D0B-52FF-4816-B97C-DEC22BE982A3}"
EndProject
Project("{FAE04EC0-301F-11D3-BF4B-00C04F79EFBC}") = "API.Tests", "API.Tests\API.Tests.csproj", "{8F19C570-D1B8-43EB-9E30-05EEBCCEAC34}"
EndProject
Global
	GlobalSection(SolutionConfigurationPlatforms) = preSolution
		Debug|Any CPU = Debug|Any CPU
		Release|Any CPU = Release|Any CPU
	EndGlobalSection
	GlobalSection(ProjectConfigurationPlatforms) = postSolution
		{B21534E2-22FB-4118-BBE0-592FD12E648C}.Debug|Any CPU.ActiveCfg = Debug|Any CPU
		{B21534E2-22FB-4118-BBE0-592FD12E648C}.Debug|Any CPU.Build.0 = Debug|Any CPU
		{B21534E2-22FB-4118-BBE0-592FD12E648C}.Release|Any CPU.ActiveCfg = Release|Any CPU
		{B21534E2-22FB-4118-BBE0-592FD12E648C}.Release|Any CPU.Build.0 = Release|Any CPU
		{DDAC48E2-CBA5-490A-9B81-EA23A2C47024}.Debug|Any CPU.ActiveCfg = Debug|Any CPU
		{DDAC48E2-CBA5-490A-9B81-EA23A2C47024}.Debug|Any CPU.Build.0 = Debug|Any CPU
		{DDAC48E2-CBA5-490A-9B81-EA23A2C47024}.Release|Any CPU.ActiveCfg = Release|Any CPU
		{DDAC48E2-CBA5-490A-9B81-EA23A2C47024}.Release|Any CPU.Build.0 = Release|Any CPU
		{8E0339F6-B677-4AC3-82D1-F7FB888E6E30}.Debug|Any CPU.ActiveCfg = Debug|Any CPU
		{8E0339F6-B677-4AC3-82D1-F7FB888E6E30}.Debug|Any CPU.Build.0 = Debug|Any CPU
		{8E0339F6-B677-4AC3-82D1-F7FB888E6E30}.Release|Any CPU.ActiveCfg = Release|Any CPU
		{8E0339F6-B677-4AC3-82D1-F7FB888E6E30}.Release|Any CPU.Build.0 = Release|Any CPU
		{183FA34F-3245-4A8B-86D5-1A8577AE20A4}.Debug|Any CPU.ActiveCfg = Debug|Any CPU
		{183FA34F-3245-4A8B-86D5-1A8577AE20A4}.Debug|Any CPU.Build.0 = Debug|Any CPU
		{183FA34F-3245-4A8B-86D5-1A8577AE20A4}.Release|Any CPU.ActiveCfg = Release|Any CPU
		{183FA34F-3245-4A8B-86D5-1A8577AE20A4}.Release|Any CPU.Build.0 = Release|Any CPU
		{E939A944-FC74-4368-9F24-1714D91ED296}.Debug|Any CPU.ActiveCfg = Debug|Any CPU
		{E939A944-FC74-4368-9F24-1714D91ED296}.Debug|Any CPU.Build.0 = Debug|Any CPU
		{E939A944-FC74-4368-9F24-1714D91ED296}.Release|Any CPU.ActiveCfg = Release|Any CPU
		{E939A944-FC74-4368-9F24-1714D91ED296}.Release|Any CPU.Build.0 = Release|Any CPU
		{684B1459-5327-4680-8950-F00214D28F63}.Debug|Any CPU.ActiveCfg = Debug|Any CPU
		{684B1459-5327-4680-8950-F00214D28F63}.Debug|Any CPU.Build.0 = Debug|Any CPU
		{684B1459-5327-4680-8950-F00214D28F63}.Release|Any CPU.ActiveCfg = Release|Any CPU
		{684B1459-5327-4680-8950-F00214D28F63}.Release|Any CPU.Build.0 = Release|Any CPU
		{B25B2D0B-52FF-4816-B97C-DEC22BE982A3}.Debug|Any CPU.ActiveCfg = Debug|Any CPU
		{B25B2D0B-52FF-4816-B97C-DEC22BE982A3}.Debug|Any CPU.Build.0 = Debug|Any CPU
		{B25B2D0B-52FF-4816-B97C-DEC22BE982A3}.Release|Any CPU.ActiveCfg = Release|Any CPU
		{B25B2D0B-52FF-4816-B97C-DEC22BE982A3}.Release|Any CPU.Build.0 = Release|Any CPU
		{8F19C570-D1B8-43EB-9E30-05EEBCCEAC34}.Debug|Any CPU.ActiveCfg = Debug|Any CPU
		{8F19C570-D1B8-43EB-9E30-05EEBCCEAC34}.Debug|Any CPU.Build.0 = Debug|Any CPU
		{8F19C570-D1B8-43EB-9E30-05EEBCCEAC34}.Release|Any CPU.ActiveCfg = Release|Any CPU
		{8F19C570-D1B8-43EB-9E30-05EEBCCEAC34}.Release|Any CPU.Build.0 = Release|Any CPU
	EndGlobalSection
	GlobalSection(SolutionProperties) = preSolution
		HideSolutionNode = FALSE
	EndGlobalSection
	GlobalSection(NestedProjects) = preSolution
		{B21534E2-22FB-4118-BBE0-592FD12E648C} = {861F4C1E-85F3-44A0-8EFF-87A8656F4264}
		{DDAC48E2-CBA5-490A-9B81-EA23A2C47024} = {861F4C1E-85F3-44A0-8EFF-87A8656F4264}
		{8E0339F6-B677-4AC3-82D1-F7FB888E6E30} = {861F4C1E-85F3-44A0-8EFF-87A8656F4264}
		{183FA34F-3245-4A8B-86D5-1A8577AE20A4} = {861F4C1E-85F3-44A0-8EFF-87A8656F4264}
		{E939A944-FC74-4368-9F24-1714D91ED296} = {7159998F-9C6B-4F9D-BDFD-6180C26500BE}
		{684B1459-5327-4680-8950-F00214D28F63} = {7159998F-9C6B-4F9D-BDFD-6180C26500BE}
		{B25B2D0B-52FF-4816-B97C-DEC22BE982A3} = {7159998F-9C6B-4F9D-BDFD-6180C26500BE}
		{8F19C570-D1B8-43EB-9E30-05EEBCCEAC34} = {7159998F-9C6B-4F9D-BDFD-6180C26500BE}
	EndGlobalSection
	GlobalSection(ExtensibilityGlobals) = postSolution
		SolutionGuid = {529D336E-9E6C-4328-B4B7-8554D92B8408}
	EndGlobalSection
EndGlobal
